
Microsoft Visual Studio Solution File, Format Version 12.00
# Visual Studio Version 17
VisualStudioVersion = 17.3.32929.385
MinimumVisualStudioVersion = 10.0.40219.1
Project("{FAE04EC0-301F-11D3-BF4B-00C04F79EFBC}") = "Ref_Out_Task", "Ref_Out_Task\Ref_Out_Task.csproj", "{3D90D1C3-EA69-4087-8636-92A74EA60908}"
EndProject
Global
	GlobalSection(SolutionConfigurationPlatforms) = preSolution
		Debug|Any CPU = Debug|Any CPU
		Release|Any CPU = Release|Any CPU
	EndGlobalSection
	GlobalSection(ProjectConfigurationPlatforms) = postSolution
		{3D90D1C3-EA69-4087-8636-92A74EA60908}.Debug|Any CPU.ActiveCfg = Debug|Any CPU
		{3D90D1C3-EA69-4087-8636-92A74EA60908}.Debug|Any CPU.Build.0 = Debug|Any CPU
		{3D90D1C3-EA69-4087-8636-92A74EA60908}.Release|Any CPU.ActiveCfg = Release|Any CPU
		{3D90D1C3-EA69-4087-8636-92A74EA60908}.Release|Any CPU.Build.0 = Release|Any CPU
	EndGlobalSection
	GlobalSection(SolutionProperties) = preSolution
		HideSolutionNode = FALSE
	EndGlobalSection
	GlobalSection(ExtensibilityGlobals) = postSolution
		SolutionGuid = {495A9E6F-E068-48C4-BB3B-BC3DF01565F0}
	EndGlobalSection
EndGlobal
