
Microsoft Visual Studio Solution File, Format Version 12.00
# Visual Studio Version 17
VisualStudioVersion = 17.3.32929.385
MinimumVisualStudioVersion = 10.0.40219.1
Project("{FAE04EC0-301F-11D3-BF4B-00C04F79EFBC}") = "Method_Overriding_Task", "Method_Overriding_Task\Method_Overriding_Task.csproj", "{4705EFB2-69C0-4D63-A043-CD831FCADF69}"
EndProject
Global
	GlobalSection(SolutionConfigurationPlatforms) = preSolution
		Debug|Any CPU = Debug|Any CPU
		Release|Any CPU = Release|Any CPU
	EndGlobalSection
	GlobalSection(ProjectConfigurationPlatforms) = postSolution
		{4705EFB2-69C0-4D63-A043-CD831FCADF69}.Debug|Any CPU.ActiveCfg = Debug|Any CPU
		{4705EFB2-69C0-4D63-A043-CD831FCADF69}.Debug|Any CPU.Build.0 = Debug|Any CPU
		{4705EFB2-69C0-4D63-A043-CD831FCADF69}.Release|Any CPU.ActiveCfg = Release|Any CPU
		{4705EFB2-69C0-4D63-A043-CD831FCADF69}.Release|Any CPU.Build.0 = Release|Any CPU
	EndGlobalSection
	GlobalSection(SolutionProperties) = preSolution
		HideSolutionNode = FALSE
	EndGlobalSection
	GlobalSection(ExtensibilityGlobals) = postSolution
		SolutionGuid = {73F9E7AA-E6DA-419C-8F81-B96E5C91865F}
	EndGlobalSection
EndGlobal
